PODS:
  - Bolts (1.9.0):
    - Bolts/AppLinks (= 1.9.0)
    - Bolts/Tasks (= 1.9.0)
  - Bolts/AppLinks (1.9.0):
    - Bolts/Tasks
  - Bolts/Tasks (1.9.0)
  - Facebook-iOS-SDK (3.24.4):
    - Bolts (~> 1.2)
  - FBSDKCoreKit (7.0.0):
    - FBSDKCoreKit/Basics (= 7.0.0)
    - FBSDKCoreKit/Core (= 7.0.0)
  - FBSDKCoreKit/Basics (7.0.0)
  - FBSDKCoreKit/Core (7.0.0):
    - FBSDKCoreKit/Basics
  - FBSDKLoginKit (7.0.0):
    - FBSDKLoginKit/Login (= 7.0.0)
  - FBSDKLoginKit/Login (7.0.0):
    - FBSDKCoreKit (~> 7.0.0)
  - FBSDKShareKit (7.0.0):
    - FBSDKShareKit/Share (= 7.0.0)
  - FBSDKShareKit/Share (7.0.0):
    - FBSDKCoreKit (~> 7.0.0)
  - Parse (1.17.3):
    - Parse/Core (= 1.17.3)
  - Parse/Core (1.17.3):
    - Bolts/Tasks (~> 1.9)
  - ParseFacebookUtils (1.10.0):
    - Bolts/Tasks (~> 1.5)
    - Facebook-iOS-SDK (~> 3.24)
    - Parse (~> 1.9)

DEPENDENCIES:
  - FBSDKCoreKit
  - FBSDKLoginKit
  - FBSDKShareKit
  - Parse
  - ParseFacebookUtils

SPEC REPOS:
  trunk:
    - Bolts
    - Facebook-iOS-SDK
    - FBSDKCoreKit
    - FBSDKLoginKit
    - FBSDKShareKit
    - Parse
    - ParseFacebookUtils

SPEC CHECKSUMS:
  Bolts: ac6567323eac61e203f6a9763667d0f711be34c8
  Facebook-iOS-SDK: 5a7c414a084708220b72d5fd016f2cf3eb6deda4
  FBSDKCoreKit: 8ad31cd09f793d1d7e84cf20fd6cebfe80ad318d
  FBSDKLoginKit: 5d1e321dc45ab1fa09198b77fc17c32a06f008c0
  FBSDKShareKit: 7ec93bf49516a91513d64863f54121155bbd7f78
  Parse: c1ad2a04d2cab2b54b6fb7da05f741abf2cf57d1
  ParseFacebookUtils: 5f9b1faf5340241fd84837e4a5ff38dda0129cec

PODFILE CHECKSUM: 236ad0004ac703363f1b51851d43b096f469a7a6

COCOAPODS: 1.8.4
